
Microsoft Visual Studio Solution File, Format Version 12.00
# Visual Studio 15
Project("{FAE04EC0-301F-11D3-BF4B-00C04F79EFBC}") = "dashboard", "dashboard\dashboard.csproj", "{1466D92D-2852-417F-A3FA-3C452A28988E}"
EndProject
Global
	GlobalSection(SolutionConfigurationPlatforms) = preSolution
		Debug|Any CPU = Debug|Any CPU
		Release|Any CPU = Release|Any CPU
	EndGlobalSection
	GlobalSection(ProjectConfigurationPlatforms) = postSolution
		{1466D92D-2852-417F-A3FA-3C452A28988E}.Debug|Any CPU.ActiveCfg = Debug|Any CPU
		{1466D92D-2852-417F-A3FA-3C452A28988E}.Debug|Any CPU.Build.0 = Debug|Any CPU
		{1466D92D-2852-417F-A3FA-3C452A28988E}.Release|Any CPU.ActiveCfg = Release|Any CPU
		{1466D92D-2852-417F-A3FA-3C452A28988E}.Release|Any CPU.Build.0 = Release|Any CPU
	EndGlobalSection
EndGlobal
